
Microsoft Visual Studio Solution File, Format Version 12.00
# Visual Studio Version 17
VisualStudioVersion = 17.1.32421.90
MinimumVisualStudioVersion = 10.0.40219.1
Project("{FAE04EC0-301F-11D3-BF4B-00C04F79EFBC}") = "csharp-es02", "csharp-es02.csproj", "{818818F1-E13B-4BE2-A9F2-8925485B2817}"
EndProject
Global
	GlobalSection(SolutionConfigurationPlatforms) = preSolution
		Debug|Any CPU = Debug|Any CPU
		Release|Any CPU = Release|Any CPU
	EndGlobalSection
	GlobalSection(ProjectConfigurationPlatforms) = postSolution
		{818818F1-E13B-4BE2-A9F2-8925485B2817}.Debug|Any CPU.ActiveCfg = Debug|Any CPU
		{818818F1-E13B-4BE2-A9F2-8925485B2817}.Debug|Any CPU.Build.0 = Debug|Any CPU
		{818818F1-E13B-4BE2-A9F2-8925485B2817}.Release|Any CPU.ActiveCfg = Release|Any CPU
		{818818F1-E13B-4BE2-A9F2-8925485B2817}.Release|Any CPU.Build.0 = Release|Any CPU
	EndGlobalSection
	GlobalSection(SolutionProperties) = preSolution
		HideSolutionNode = FALSE
	EndGlobalSection
	GlobalSection(ExtensibilityGlobals) = postSolution
		SolutionGuid = {6E91F63C-A752-475B-AAE3-8D222146FC1D}
	EndGlobalSection
EndGlobal
